
Microsoft Visual Studio Solution File, Format Version 12.00
# Visual Studio Version 16
VisualStudioVersion = 16.0.30114.105
MinimumVisualStudioVersion = 10.0.40219.1
Project("{FAE04EC0-301F-11D3-BF4B-00C04F79EFBC}") = "DinoCoffeeManager", "DinoCoffeeManager\DinoCoffeeManager.csproj", "{77B6C2C9-DF46-4B6A-9BAE-C95371888C1B}"
EndProject
Global
	GlobalSection(SolutionConfigurationPlatforms) = preSolution
		Debug|Any CPU = Debug|Any CPU
		Release|Any CPU = Release|Any CPU
	EndGlobalSection
	GlobalSection(ProjectConfigurationPlatforms) = postSolution
		{77B6C2C9-DF46-4B6A-9BAE-C95371888C1B}.Debug|Any CPU.ActiveCfg = Debug|Any CPU
		{77B6C2C9-DF46-4B6A-9BAE-C95371888C1B}.Debug|Any CPU.Build.0 = Debug|Any CPU
		{77B6C2C9-DF46-4B6A-9BAE-C95371888C1B}.Release|Any CPU.ActiveCfg = Release|Any CPU
		{77B6C2C9-DF46-4B6A-9BAE-C95371888C1B}.Release|Any CPU.Build.0 = Release|Any CPU
	EndGlobalSection
	GlobalSection(SolutionProperties) = preSolution
		HideSolutionNode = FALSE
	EndGlobalSection
	GlobalSection(ExtensibilityGlobals) = postSolution
		SolutionGuid = {FB736293-24AC-4841-9A2A-4148912BEE55}
	EndGlobalSection
EndGlobal
